<?xml version="1.0" encoding="UTF-8" standalone="yes" ?>
<CodeBlocks_project_file>
	<FileVersion major="1" minor="6" />
	<Project>
		<Option title="ServHotel" />
		<Option pch_mode="2" />
		<Option compiler="gcc" />
		<Build>
			<Target title="Debug">
				<Option output="bin/Debug/ServHotel" prefix_auto="1" extension_auto="1" />
				<Option object_output="obj/Debug/" />
				<Option type="1" />
				<Option compiler="gcc" />
				<Compiler>
					<Add option="-g" />
					<Add directory="include" />
				</Compiler>
			</Target>
			<Target title="Release">
				<Option output="bin/Release/ServHotel" prefix_auto="1" extension_auto="1" />
				<Option object_output="obj/Release/" />
				<Option type="1" />
				<Option compiler="gcc" />
				<Compiler>
					<Add option="-O2" />
					<Add directory="include" />
				</Compiler>
				<Linker>
					<Add option="-s" />
				</Linker>
			</Target>
		</Build>
		<Compiler>
			<Add option="-Wall" />
		</Compiler>
		<Unit filename="include/Persona.h" />
		<Unit filename="include/Reservacion.h" />
		<Unit filename="include/ServicioCuarto.h" />
		<Unit filename="include/ServicioEspecial.h" />
		<Unit filename="include/ServicioHotel.h" />
		<Unit filename="include/main.cpp" />
		<Unit filename="src/Persona.cpp" />
		<Unit filename="src/Reservacion.cpp" />
		<Unit filename="src/ServicioCuarto.cpp" />
		<Unit filename="src/ServicioEspecial.cpp" />
		<Unit filename="src/ServicioHotel.cpp" />
		<Extensions>
			<lib_finder disable_auto="1" />
		</Extensions>
	</Project>
</CodeBlocks_project_file>
